
Microsoft Visual Studio Solution File, Format Version 12.00
# Visual Studio Version 17
VisualStudioVersion = 17.11.35222.181
MinimumVisualStudioVersion = 10.0.40219.1
Project("{FAE04EC0-301F-11D3-BF4B-00C04F79EFBC}") = "NumberGame", "NumberGame\NumberGame.csproj", "{A44D88AB-CA9C-4F17-A9A7-2C34D02F2672}"
EndProject
Global
	GlobalSection(SolutionConfigurationPlatforms) = preSolution
		Debug|Any CPU = Debug|Any CPU
		Release|Any CPU = Release|Any CPU
	EndGlobalSection
	GlobalSection(ProjectConfigurationPlatforms) = postSolution
		{A44D88AB-CA9C-4F17-A9A7-2C34D02F2672}.Debug|Any CPU.ActiveCfg = Debug|Any CPU
		{A44D88AB-CA9C-4F17-A9A7-2C34D02F2672}.Debug|Any CPU.Build.0 = Debug|Any CPU
		{A44D88AB-CA9C-4F17-A9A7-2C34D02F2672}.Release|Any CPU.ActiveCfg = Release|Any CPU
		{A44D88AB-CA9C-4F17-A9A7-2C34D02F2672}.Release|Any CPU.Build.0 = Release|Any CPU
	EndGlobalSection
	GlobalSection(SolutionProperties) = preSolution
		HideSolutionNode = FALSE
	EndGlobalSection
	GlobalSection(ExtensibilityGlobals) = postSolution
		SolutionGuid = {D68027D3-DB83-4BBA-9E88-BF789DC635D3}
	EndGlobalSection
EndGlobal
