
Microsoft Visual Studio Solution File, Format Version 12.00
# Visual Studio Version 17
VisualStudioVersion = 17.11.35303.130
MinimumVisualStudioVersion = 10.0.40219.1
Project("{FAE04EC0-301F-11D3-BF4B-00C04F79EFBC}") = "NumbersGame", "NumbersGame\NumbersGame.csproj", "{5FF3DA10-BDBF-4BDE-9297-1837F04C7FC6}"
EndProject
Global
	GlobalSection(SolutionConfigurationPlatforms) = preSolution
		Debug|Any CPU = Debug|Any CPU
		Release|Any CPU = Release|Any CPU
	EndGlobalSection
	GlobalSection(ProjectConfigurationPlatforms) = postSolution
		{5FF3DA10-BDBF-4BDE-9297-1837F04C7FC6}.Debug|Any CPU.ActiveCfg = Debug|Any CPU
		{5FF3DA10-BDBF-4BDE-9297-1837F04C7FC6}.Debug|Any CPU.Build.0 = Debug|Any CPU
		{5FF3DA10-BDBF-4BDE-9297-1837F04C7FC6}.Release|Any CPU.ActiveCfg = Release|Any CPU
		{5FF3DA10-BDBF-4BDE-9297-1837F04C7FC6}.Release|Any CPU.Build.0 = Release|Any CPU
	EndGlobalSection
	GlobalSection(SolutionProperties) = preSolution
		HideSolutionNode = FALSE
	EndGlobalSection
	GlobalSection(ExtensibilityGlobals) = postSolution
		SolutionGuid = {AB3C6407-E7A8-4A20-9080-BF24AB8CD132}
	EndGlobalSection
EndGlobal
